
Microsoft Visual Studio Solution File, Format Version 12.00
# Visual Studio Version 16
VisualStudioVersion = 16.0.30413.136
MinimumVisualStudioVersion = 10.0.40219.1
Project("{2150E333-8FDC-42A3-9474-1A3956D46DE8}") = "07-Modules", "07-Modules", "{1ABFE83D-6AFB-4788-8050-62C27FD9C45C}"
EndProject
Project("{FAE04EC0-301F-11D3-BF4B-00C04F79EFBC}") = "ModuleA", "07-Modules\ModuleA\ModuleA.csproj", "{67399E1E-A39C-45C3-A28F-74ED1C3C03A2}"
EndProject
Project("{FAE04EC0-301F-11D3-BF4B-00C04F79EFBC}") = "ModulesWithAppConfig", "07-Modules\ModulesWithAppConfig\ModulesWithAppConfig.csproj", "{4C24E5AF-570D-4BF9-A0C1-7BF998112C8F}"
EndProject
Project("{FAE04EC0-301F-11D3-BF4B-00C04F79EFBC}") = "ModulesWithCode", "07-Modules\ModulesWithCode\ModulesWithCode.csproj", "{E2E7594E-C331-4DD1-B2C5-D6232BE253C9}"
EndProject
Project("{FAE04EC0-301F-11D3-BF4B-00C04F79EFBC}") = "ModulesWithDirectory", "07-Modules\ModulesWithDirectory\ModulesWithDirectory.csproj", "{84EA62EE-846A-4074-9F87-7DB21C2BE1DB}"
EndProject
Project("{FAE04EC0-301F-11D3-BF4B-00C04F79EFBC}") = "ModulesWithLoadManual", "07-Modules\ModulesWithLoadManual\ModulesWithLoadManual.csproj", "{07433507-F498-4068-852F-AE99A73E3FEF}"
EndProject
Project("{FAE04EC0-301F-11D3-BF4B-00C04F79EFBC}") = "ModulesWithXaml", "07-Modules\ModulesWithXaml\ModulesWithXaml.csproj", "{405AA4FF-8E4F-410A-AA8E-5A20C66AE272}"
EndProject
Project("{2150E333-8FDC-42A3-9474-1A3956D46DE8}") = "01-BootstrapperShell", "01-BootstrapperShell", "{AD10769E-4E2D-4D6A-A808-AA5A2DFBA797}"
EndProject
Project("{2150E333-8FDC-42A3-9474-1A3956D46DE8}") = "02-Regions", "02-Regions", "{8C9747DC-971B-4D50-A537-BB9874D4B3FA}"
EndProject
Project("{FAE04EC0-301F-11D3-BF4B-00C04F79EFBC}") = "Regions", "02-Regions\Regions\Regions.csproj", "{12BDBE02-312B-4A75-9BD8-E955A948FF2D}"
EndProject
Project("{2150E333-8FDC-42A3-9474-1A3956D46DE8}") = "03-CustomRegions", "03-CustomRegions", "{C0E4BC07-C50E-4C57-8CB1-85A0DAB45808}"
EndProject
Project("{FAE04EC0-301F-11D3-BF4B-00C04F79EFBC}") = "CustomRegions", "03-CustomRegions\CustomRegions\CustomRegions.csproj", "{F14CC5EC-1389-4EE7-A7E0-BF072A7FA328}"
EndProject
Project("{FAE04EC0-301F-11D3-BF4B-00C04F79EFBC}") = "BootstrapperShell", "01-BootstrapperShell\BootstrapperShell\BootstrapperShell.csproj", "{649C8117-9AD7-4B8A-AB8B-C55F035C49D1}"
EndProject
Project("{2150E333-8FDC-42A3-9474-1A3956D46DE8}") = "04-ViewDiscovery", "04-ViewDiscovery", "{5A13CF36-D2B0-4BFA-B096-36C85434D1D0}"
EndProject
Project("{2150E333-8FDC-42A3-9474-1A3956D46DE8}") = "05-ViewInjection", "05-ViewInjection", "{246BD033-4CF7-4DFD-802E-4CF6202C1D7F}"
EndProject
Project("{2150E333-8FDC-42A3-9474-1A3956D46DE8}") = "06-ViewActivationDeactivation", "06-ViewActivationDeactivation", "{42BBD57D-C3BF-4CFE-B1B1-B6F91F9E14BB}"
EndProject
Project("{FAE04EC0-301F-11D3-BF4B-00C04F79EFBC}") = "ViewDiscovery", "04-ViewDiscovery\ViewDiscovery\ViewDiscovery.csproj", "{ACBACFDA-A5C5-402B-8F6A-081AFB7525F8}"
EndProject
Project("{FAE04EC0-301F-11D3-BF4B-00C04F79EFBC}") = "ViewInjection", "05-ViewInjection\ViewInjection\ViewInjection.csproj", "{2E95F630-11C4-4A27-8CC8-4EC0B854C837}"
EndProject
Project("{FAE04EC0-301F-11D3-BF4B-00C04F79EFBC}") = "ActivationDeactivation", "06-ViewActivationDeactivation\ActivationDeactivation\ActivationDeactivation.csproj", "{E4D78736-6A9F-4F15-B315-7D64ABB91BFB}"
EndProject
Project("{2150E333-8FDC-42A3-9474-1A3956D46DE8}") = "08-ViewModelLocator", "08-ViewModelLocator", "{675373E2-FC1B-488C-BC65-6340CDF914F6}"
EndProject
Project("{FAE04EC0-301F-11D3-BF4B-00C04F79EFBC}") = "ViewModelLocator", "08-ViewModelLocator\ViewModelLocator\ViewModelLocator.csproj", "{800AA5D1-AC24-4ADF-A525-5698700709CC}"
EndProject
Project("{2150E333-8FDC-42A3-9474-1A3956D46DE8}") = "09-ChangeConvention", "09-ChangeConvention", "{7605B4F0-DB81-4859-972E-36CF3100908F}"
EndProject
Project("{FAE04EC0-301F-11D3-BF4B-00C04F79EFBC}") = "ChangeConvention", "09-ChangeConvention\ChangeConvention\ChangeConvention.csproj", "{4CFB2431-E50C-4F3C-A75D-08D3E6BC652C}"
EndProject
Project("{2150E333-8FDC-42A3-9474-1A3956D46DE8}") = "10-CustomRegistrations", "10-CustomRegistrations", "{B80A447D-E152-4F99-A040-F1D63209460B}"
EndProject
Project("{2150E333-8FDC-42A3-9474-1A3956D46DE8}") = "11-UsingDelegateCommands", "11-UsingDelegateCommands", "{7FF26FB8-DA86-465C-97BC-871D1B698DE2}"
EndProject
Project("{2150E333-8FDC-42A3-9474-1A3956D46DE8}") = "12-UsingCompositeCommands", "12-UsingCompositeCommands", "{A9F46739-54E3-46F3-9A9E-ABE0F138E596}"
EndProject
Project("{2150E333-8FDC-42A3-9474-1A3956D46DE8}") = "13-IActiveAwareCommands", "13-IActiveAwareCommands", "{3D6FA0AE-E567-4D77-B7F7-D4EDD2D20A62}"
EndProject
Project("{2150E333-8FDC-42A3-9474-1A3956D46DE8}") = "14-UsingEventAggregator", "14-UsingEventAggregator", "{934273A5-0D8C-4EBA-AFC7-7389D90FE0BE}"
EndProject
Project("{2150E333-8FDC-42A3-9474-1A3956D46DE8}") = "15-FilteringEvents", "15-FilteringEvents", "{86081238-22D4-45C4-A1E5-40A1783B5E48}"
EndProject
Project("{2150E333-8FDC-42A3-9474-1A3956D46DE8}") = "16-RegionContext", "16-RegionContext", "{F051ABC9-6C8F-4EC1-AC17-6701F79A1CE2}"
EndProject
Project("{2150E333-8FDC-42A3-9474-1A3956D46DE8}") = "17-BasicRegionNavigation", "17-BasicRegionNavigation", "{4E3FCD92-042C-45B9-963F-343B74145202}"
EndProject
Project("{2150E333-8FDC-42A3-9474-1A3956D46DE8}") = "18-NavigationCallback", "18-NavigationCallback", "{7AFBBE18-41C8-4A3A-89F0-D112B980C907}"
EndProject
Project("{2150E333-8FDC-42A3-9474-1A3956D46DE8}") = "19-NavigationParticipation", "19-NavigationParticipation", "{315244A6-2730-4410-82B6-2708A2279A77}"
EndProject
Project("{2150E333-8FDC-42A3-9474-1A3956D46DE8}") = "20-NavigateToExistingViews", "20-NavigateToExistingViews", "{1DBC89D9-92D6-48D1-8C3A-F50DB33DAA06}"
EndProject
Project("{2150E333-8FDC-42A3-9474-1A3956D46DE8}") = "21-PassingParameters", "21-PassingParameters", "{893A90FC-A7FC-4AC0-89D4-915E3186073B}"
EndProject
Project("{2150E333-8FDC-42A3-9474-1A3956D46DE8}") = "22-ConfirmCancelNavigation", "22-ConfirmCancelNavigation", "{EBC4D0DB-251B-483B-819C-06562290A4A6}"
EndProject
Project("{2150E333-8FDC-42A3-9474-1A3956D46DE8}") = "23-RegionMemberLifetime", "23-RegionMemberLifetime", "{57ECAB5C-5DB7-42E9-B3B8-F8A8B2B7079D}"
EndProject
Project("{2150E333-8FDC-42A3-9474-1A3956D46DE8}") = "24-NavigationJournal", "24-NavigationJournal", "{A606B2AD-B013-42FC-B2CB-1836B30CBC50}"
EndProject
Project("{2150E333-8FDC-42A3-9474-1A3956D46DE8}") = "25-NotificationRequest", "25-NotificationRequest", "{9C4A26B0-2A77-4C7D-AF17-43F692B87553}"
EndProject
Project("{2150E333-8FDC-42A3-9474-1A3956D46DE8}") = "26-ConfirmationRequest", "26-ConfirmationRequest", "{CB0CEB64-38FC-4268-8C40-8F2B4EEE0921}"
EndProject
Project("{2150E333-8FDC-42A3-9474-1A3956D46DE8}") = "27-CustomContent", "27-CustomContent", "{273C8532-CF6D-4644-88DD-5AA01FBA587A}"
EndProject
Project("{2150E333-8FDC-42A3-9474-1A3956D46DE8}") = "28-CustomRequest", "28-CustomRequest", "{D1DC55BF-B4F7-48EA-817C-0C792583DE58}"
EndProject
Project("{2150E333-8FDC-42A3-9474-1A3956D46DE8}") = "29-InvokeCommandAction", "29-InvokeCommandAction", "{AB731A4F-B7B4-4091-92E5-2D36229DAA82}"
EndProject
Project("{FAE04EC0-301F-11D3-BF4B-00C04F79EFBC}") = "UsingDelegateCommands", "11-UsingDelegateCommands\UsingDelegateCommands\UsingDelegateCommands.csproj", "{F728BD58-4336-4CB1-8729-AE9C390DF459}"
EndProject
Project("{FAE04EC0-301F-11D3-BF4B-00C04F79EFBC}") = "UsingCompositeCommands", "12-UsingCompositeCommands\UsingCompositeCommands\UsingCompositeCommands.csproj", "{9AB1F2B4-60C8-4EFC-B24B-25A86E12B16E}"
EndProject
Project("{FAE04EC0-301F-11D3-BF4B-00C04F79EFBC}") = "ModuleForCompositeCommands", "12-UsingCompositeCommands\ModuleForCompositeCommands\ModuleForCompositeCommands.csproj", "{2578E977-32B8-417C-A098-C1831AAF9529}"
EndProject
Project("{FAE04EC0-301F-11D3-BF4B-00C04F79EFBC}") = "UsingIActiveAwareCommands", "13-IActiveAwareCommands\IActiveAwareCommands\UsingIActiveAwareCommands\UsingIActiveAwareCommands.csproj", "{2CD0EBF0-733F-456D-9076-5BAE52C39815}"
EndProject
Project("{FAE04EC0-301F-11D3-BF4B-00C04F79EFBC}") = "ModuleForIActiveAwareCommands", "13-IActiveAwareCommands\ModuleForIActiveAwareCommands\ModuleForIActiveAwareCommands.csproj", "{FEDD669F-AB27-4353-BA02-64CE1D59FB9A}"
EndProject
Project("{FAE04EC0-301F-11D3-BF4B-00C04F79EFBC}") = "UsingIActiveAwareCommands.Core", "13-IActiveAwareCommands\UsingIActiveAwareCommands.Core\UsingIActiveAwareCommands.Core.csproj", "{62E925E6-963D-4D7F-955A-BB99AE546636}"
EndProject
Project("{FAE04EC0-301F-11D3-BF4B-00C04F79EFBC}") = "UsingEventAggregator", "14-UsingEventAggregator\UsingEventAggregator\UsingEventAggregator.csproj", "{AE414EF1-2B71-411B-ABDC-B25F2E30FFE7}"
EndProject
Project("{FAE04EC0-301F-11D3-BF4B-00C04F79EFBC}") = "UsingEventAggregator.Core", "14-UsingEventAggregator\UsingEventAggregator.Core\UsingEventAggregator.Core.csproj", "{DD11A4C3-6358-45E8-AA67-7AD654334D1E}"
EndProject
Project("{FAE04EC0-301F-11D3-BF4B-00C04F79EFBC}") = "CustomRegistrations", "10-CustomRegistrations\CustomRegistrations\CustomRegistrations.csproj", "{8D10DF7A-68BD-4676-B5F0-8DA59D69356E}"
EndProject
Project("{FAE04EC0-301F-11D3-BF4B-00C04F79EFBC}") = "UsingCompositeCommands.Core", "12-UsingCompositeCommands\UsingCompositeCommands.Core\UsingCompositeCommands.Core.csproj", "{8BDCDDC0-D54D-4DEC-840A-93A5CF06AC0E}"
EndProject
Project("{FAE04EC0-301F-11D3-BF4B-00C04F79EFBC}") = "ModuleForEventAggregatorA", "14-UsingEventAggregator\ModuleForEventAggregatorA\ModuleForEventAggregatorA.csproj", "{E2437EF9-1AFD-4B7A-B227-7766BBAB6BDF}"
EndProject
Project("{FAE04EC0-301F-11D3-BF4B-00C04F79EFBC}") = "ModuleForEventAggregatorB", "14-UsingEventAggregator\ModuleForEventAggregatorB\ModuleForEventAggregatorB.csproj", "{DAC33A1A-EDAD-4185-9203-A0797D502FC8}"
EndProject
Project("{FAE04EC0-301F-11D3-BF4B-00C04F79EFBC}") = "ModuleForFilterEventsB", "15-FilteringEvents\ModuleForFilterEventsB\ModuleForFilterEventsB.csproj", "{D9249F52-A3D8-447E-8BE1-55C82B31EB1F}"
EndProject
Project("{FAE04EC0-301F-11D3-BF4B-00C04F79EFBC}") = "ModuleForFilterEventsA", "15-FilteringEvents\ModuleForFilterEventsA\ModuleForFilterEventsA.csproj", "{6A0BFD4C-2FE9-47EC-8D22-60B5538D512E}"
EndProject
Project("{FAE04EC0-301F-11D3-BF4B-00C04F79EFBC}") = "UsingFilteringEvents", "15-FilteringEvents\UsingFilteringEvents\UsingFilteringEvents.csproj", "{C683FF3D-5EFA-4789-95FD-EF133390A72F}"
EndProject
Project("{FAE04EC0-301F-11D3-BF4B-00C04F79EFBC}") = "UsingFilteringEvents.Core", "15-FilteringEvents\UsingFilteringEvents.Core\UsingFilteringEvents.Core.csproj", "{0A4447FD-C5F6-48F2-9E9D-595859344C61}"
EndProject
Project("{FAE04EC0-301F-11D3-BF4B-00C04F79EFBC}") = "RegionContext", "16-RegionContext\RegionContext\RegionContext.csproj", "{480A2B39-4B90-4413-B44E-9A97F911F9A5}"
EndProject
Project("{FAE04EC0-301F-11D3-BF4B-00C04F79EFBC}") = "ModuleForRegionContext", "16-RegionContext\ModuleForRegionContext\ModuleForRegionContext.csproj", "{CA291EF0-AE5D-42D5-9D1A-8302D66855C9}"
EndProject
Project("{2150E333-8FDC-42A3-9474-1A3956D46DE8}") = "30-DialogService", "30-DialogService", "{B8C00FD9-958F-49E3-90DB-901510430EF2}"
EndProject
Project("{FAE04EC0-301F-11D3-BF4B-00C04F79EFBC}") = "DialogService", "30-DialogService\DialogService\DialogService.csproj", "{BC017236-5811-4246-B5D9-B0718399FAB2}"
EndProject
Project("{FAE04EC0-301F-11D3-BF4B-00C04F79EFBC}") = "BasicRegionNavigation", "17-BasicRegionNavigation\BasicRegionNavigation\BasicRegionNavigation.csproj", "{A5F7F5EB-3A6F-4077-9F9B-1D0B6FFC1601}"
EndProject
Project("{FAE04EC0-301F-11D3-BF4B-00C04F79EFBC}") = "ModuleForBasicRegionNavigation", "17-BasicRegionNavigation\ModuleForBasicRegionNavigation\ModuleForBasicRegionNavigation.csproj", "{6984B395-E31E-445B-A9A0-3D9C5D57D0AD}"
EndProject
Project("{FAE04EC0-301F-11D3-BF4B-00C04F79EFBC}") = "NavigationCallback", "18-NavigationCallback\NavigationCallback\NavigationCallback.csproj", "{3C25028A-1D44-4022-A4B8-8C4888FCE819}"
EndProject
Project("{FAE04EC0-301F-11D3-BF4B-00C04F79EFBC}") = "ModuleForNavigationCallback", "18-NavigationCallback\ModuleForNavigationCallback\ModuleForNavigationCallback.csproj", "{0BB88D9C-541A-4B5B-8063-CD8D89F4D989}"
EndProject
Project("{FAE04EC0-301F-11D3-BF4B-00C04F79EFBC}") = "NavigationParticipation", "19-NavigationParticipation\NavigationParticipation\NavigationParticipation.csproj", "{D9306AC2-1FCC-4EB0-9939-82222A645E66}"
EndProject
Project("{FAE04EC0-301F-11D3-BF4B-00C04F79EFBC}") = "ModuleForNavigationParticipation", "19-NavigationParticipation\ModuleForNavigationParticipation\ModuleForNavigationParticipation.csproj", "{3C2FD1A5-7E19-4904-A2E7-A42D12AF75E6}"
EndProject
Project("{FAE04EC0-301F-11D3-BF4B-00C04F79EFBC}") = "NavigateToExistingViews", "20-NavigateToExistingViews\NavigateToExistingViews\NavigateToExistingViews.csproj", "{243162B2-9002-4436-8366-2EDFFEFB63EA}"
EndProject
Project("{FAE04EC0-301F-11D3-BF4B-00C04F79EFBC}") = "ModuleForNavigateToExistingViews", "20-NavigateToExistingViews\ModuleForNavigateToExistingViews\ModuleForNavigateToExistingViews.csproj", "{4F891A48-686A-47B6-AA7C-4032B51C6BA5}"
EndProject
Project("{FAE04EC0-301F-11D3-BF4B-00C04F79EFBC}") = "PassingParameters", "21-PassingParameters\PassingParameters\PassingParameters.csproj", "{F6705C1F-AFE2-4EAD-AF20-AA7689D7D6F0}"
EndProject
Project("{FAE04EC0-301F-11D3-BF4B-00C04F79EFBC}") = "ModuleForPassingParameters", "21-PassingParameters\ModuleForPassingParameters\ModuleForPassingParameters.csproj", "{EB138418-6D19-43E7-9B2D-7A273906B5B5}"
EndProject
Project("{FAE04EC0-301F-11D3-BF4B-00C04F79EFBC}") = "ConfirmCancelNavigation", "22-ConfirmCancelNavigation\ConfirmCancelNavigation\ConfirmCancelNavigation.csproj", "{F6E4737C-570D-47FD-BCB5-5B2E322EEAD4}"
EndProject
Project("{FAE04EC0-301F-11D3-BF4B-00C04F79EFBC}") = "ModuleForConfirmCancelNavigation", "22-ConfirmCancelNavigation\ModuleForConfirmCancelNavigation\ModuleForConfirmCancelNavigation.csproj", "{0C348498-56E0-4AB6-84E7-F532009E44BE}"
EndProject
Project("{FAE04EC0-301F-11D3-BF4B-00C04F79EFBC}") = "RegionMemberLifetime", "23-RegionMemberLifetime\RegionMemberLifetime\RegionMemberLifetime.csproj", "{7C4666F5-2B8F-4D54-8397-185FED1B5ECD}"
EndProject
Project("{FAE04EC0-301F-11D3-BF4B-00C04F79EFBC}") = "ModuleForRegionMemberLifetime", "23-RegionMemberLifetime\ModuleForRegionMemberLifetime\ModuleForRegionMemberLifetime.csproj", "{8FA00BC4-9AAF-44CA-AF52-6FCFFF1B20A6}"
EndProject
Project("{FAE04EC0-301F-11D3-BF4B-00C04F79EFBC}") = "NavigationJournal", "24-NavigationJournal\NavigationJournal\NavigationJournal.csproj", "{2CB9AE6D-FFA5-463D-B589-13CA83777064}"
EndProject
Project("{FAE04EC0-301F-11D3-BF4B-00C04F79EFBC}") = "ModuleForNavigationJournal", "24-NavigationJournal\ModuleForNavigationJournal\ModuleForNavigationJournal.csproj", "{81E7D89D-3CFC-41EF-94BB-CBCDC4C6BD54}"
EndProject
Project("{FAE04EC0-301F-11D3-BF4B-00C04F79EFBC}") = "NotificationRequest", "25-NotificationRequest\NotificationRequest\NotificationRequest.csproj", "{0FDFC618-95E2-4C9E-A0D8-1CDE0B54576E}"
EndProject
Project("{FAE04EC0-301F-11D3-BF4B-00C04F79EFBC}") = "ConfirmationRequest", "26-ConfirmationRequest\ConfirmationRequest\ConfirmationRequest.csproj", "{C774E73A-2788-432C-8305-3E7F22F03460}"
EndProject
Project("{FAE04EC0-301F-11D3-BF4B-00C04F79EFBC}") = "CustomContent", "27-CustomContent\CustomContent\CustomContent.csproj", "{DA8856DE-9493-4A16-9002-F465DDCF5297}"
EndProject
Project("{FAE04EC0-301F-11D3-BF4B-00C04F79EFBC}") = "CustomRequest", "28-CustomRequest\CustomRequest\CustomRequest.csproj", "{E5A49190-6F7A-4FBC-8FB4-E64D4CF41FD9}"
EndProject
Project("{FAE04EC0-301F-11D3-BF4B-00C04F79EFBC}") = "InvokeCommandAction", "29-InvokeCommandAction\InvokeCommandAction\InvokeCommandAction.csproj", "{7A99EDA0-9365-432F-9138-1A85F1760421}"
EndProject
Global
	GlobalSection(SolutionConfigurationPlatforms) = preSolution
		Debug|Any CPU = Debug|Any CPU
		Release|Any CPU = Release|Any CPU
	EndGlobalSection
	GlobalSection(ProjectConfigurationPlatforms) = postSolution
		{67399E1E-A39C-45C3-A28F-74ED1C3C03A2}.Debug|Any CPU.ActiveCfg = Debug|Any CPU
		{67399E1E-A39C-45C3-A28F-74ED1C3C03A2}.Debug|Any CPU.Build.0 = Debug|Any CPU
		{67399E1E-A39C-45C3-A28F-74ED1C3C03A2}.Release|Any CPU.ActiveCfg = Release|Any CPU
		{67399E1E-A39C-45C3-A28F-74ED1C3C03A2}.Release|Any CPU.Build.0 = Release|Any CPU
		{4C24E5AF-570D-4BF9-A0C1-7BF998112C8F}.Debug|Any CPU.ActiveCfg = Debug|Any CPU
		{4C24E5AF-570D-4BF9-A0C1-7BF998112C8F}.Debug|Any CPU.Build.0 = Debug|Any CPU
		{4C24E5AF-570D-4BF9-A0C1-7BF998112C8F}.Release|Any CPU.ActiveCfg = Release|Any CPU
		{4C24E5AF-570D-4BF9-A0C1-7BF998112C8F}.Release|Any CPU.Build.0 = Release|Any CPU
		{E2E7594E-C331-4DD1-B2C5-D6232BE253C9}.Debug|Any CPU.ActiveCfg = Debug|Any CPU
		{E2E7594E-C331-4DD1-B2C5-D6232BE253C9}.Debug|Any CPU.Build.0 = Debug|Any CPU
		{E2E7594E-C331-4DD1-B2C5-D6232BE253C9}.Release|Any CPU.ActiveCfg = Release|Any CPU
		{E2E7594E-C331-4DD1-B2C5-D6232BE253C9}.Release|Any CPU.Build.0 = Release|Any CPU
		{84EA62EE-846A-4074-9F87-7DB21C2BE1DB}.Debug|Any CPU.ActiveCfg = Debug|Any CPU
		{84EA62EE-846A-4074-9F87-7DB21C2BE1DB}.Debug|Any CPU.Build.0 = Debug|Any CPU
		{84EA62EE-846A-4074-9F87-7DB21C2BE1DB}.Release|Any CPU.ActiveCfg = Release|Any CPU
		{84EA62EE-846A-4074-9F87-7DB21C2BE1DB}.Release|Any CPU.Build.0 = Release|Any CPU
		{07433507-F498-4068-852F-AE99A73E3FEF}.Debug|Any CPU.ActiveCfg = Debug|Any CPU
		{07433507-F498-4068-852F-AE99A73E3FEF}.Debug|Any CPU.Build.0 = Debug|Any CPU
		{07433507-F498-4068-852F-AE99A73E3FEF}.Release|Any CPU.ActiveCfg = Release|Any CPU
		{07433507-F498-4068-852F-AE99A73E3FEF}.Release|Any CPU.Build.0 = Release|Any CPU
		{405AA4FF-8E4F-410A-AA8E-5A20C66AE272}.Debug|Any CPU.ActiveCfg = Debug|Any CPU
		{405AA4FF-8E4F-410A-AA8E-5A20C66AE272}.Debug|Any CPU.Build.0 = Debug|Any CPU
		{405AA4FF-8E4F-410A-AA8E-5A20C66AE272}.Release|Any CPU.ActiveCfg = Release|Any CPU
		{405AA4FF-8E4F-410A-AA8E-5A20C66AE272}.Release|Any CPU.Build.0 = Release|Any CPU
		{12BDBE02-312B-4A75-9BD8-E955A948FF2D}.Debug|Any CPU.ActiveCfg = Debug|Any CPU
		{12BDBE02-312B-4A75-9BD8-E955A948FF2D}.Debug|Any CPU.Build.0 = Debug|Any CPU
		{12BDBE02-312B-4A75-9BD8-E955A948FF2D}.Release|Any CPU.ActiveCfg = Release|Any CPU
		{12BDBE02-312B-4A75-9BD8-E955A948FF2D}.Release|Any CPU.Build.0 = Release|Any CPU
		{F14CC5EC-1389-4EE7-A7E0-BF072A7FA328}.Debug|Any CPU.ActiveCfg = Debug|Any CPU
		{F14CC5EC-1389-4EE7-A7E0-BF072A7FA328}.Debug|Any CPU.Build.0 = Debug|Any CPU
		{F14CC5EC-1389-4EE7-A7E0-BF072A7FA328}.Release|Any CPU.ActiveCfg = Release|Any CPU
		{F14CC5EC-1389-4EE7-A7E0-BF072A7FA328}.Release|Any CPU.Build.0 = Release|Any CPU
		{649C8117-9AD7-4B8A-AB8B-C55F035C49D1}.Debug|Any CPU.ActiveCfg = Debug|Any CPU
		{649C8117-9AD7-4B8A-AB8B-C55F035C49D1}.Debug|Any CPU.Build.0 = Debug|Any CPU
		{649C8117-9AD7-4B8A-AB8B-C55F035C49D1}.Release|Any CPU.ActiveCfg = Release|Any CPU
		{649C8117-9AD7-4B8A-AB8B-C55F035C49D1}.Release|Any CPU.Build.0 = Release|Any CPU
		{ACBACFDA-A5C5-402B-8F6A-081AFB7525F8}.Debug|Any CPU.ActiveCfg = Debug|Any CPU
		{ACBACFDA-A5C5-402B-8F6A-081AFB7525F8}.Debug|Any CPU.Build.0 = Debug|Any CPU
		{ACBACFDA-A5C5-402B-8F6A-081AFB7525F8}.Release|Any CPU.ActiveCfg = Release|Any CPU
		{ACBACFDA-A5C5-402B-8F6A-081AFB7525F8}.Release|Any CPU.Build.0 = Release|Any CPU
		{2E95F630-11C4-4A27-8CC8-4EC0B854C837}.Debug|Any CPU.ActiveCfg = Debug|Any CPU
		{2E95F630-11C4-4A27-8CC8-4EC0B854C837}.Debug|Any CPU.Build.0 = Debug|Any CPU
		{2E95F630-11C4-4A27-8CC8-4EC0B854C837}.Release|Any CPU.ActiveCfg = Release|Any CPU
		{2E95F630-11C4-4A27-8CC8-4EC0B854C837}.Release|Any CPU.Build.0 = Release|Any CPU
		{E4D78736-6A9F-4F15-B315-7D64ABB91BFB}.Debug|Any CPU.ActiveCfg = Debug|Any CPU
		{E4D78736-6A9F-4F15-B315-7D64ABB91BFB}.Debug|Any CPU.Build.0 = Debug|Any CPU
		{E4D78736-6A9F-4F15-B315-7D64ABB91BFB}.Release|Any CPU.ActiveCfg = Release|Any CPU
		{E4D78736-6A9F-4F15-B315-7D64ABB91BFB}.Release|Any CPU.Build.0 = Release|Any CPU
		{800AA5D1-AC24-4ADF-A525-5698700709CC}.Debug|Any CPU.ActiveCfg = Debug|Any CPU
		{800AA5D1-AC24-4ADF-A525-5698700709CC}.Debug|Any CPU.Build.0 = Debug|Any CPU
		{800AA5D1-AC24-4ADF-A525-5698700709CC}.Release|Any CPU.ActiveCfg = Release|Any CPU
		{800AA5D1-AC24-4ADF-A525-5698700709CC}.Release|Any CPU.Build.0 = Release|Any CPU
		{4CFB2431-E50C-4F3C-A75D-08D3E6BC652C}.Debug|Any CPU.ActiveCfg = Debug|Any CPU
		{4CFB2431-E50C-4F3C-A75D-08D3E6BC652C}.Debug|Any CPU.Build.0 = Debug|Any CPU
		{4CFB2431-E50C-4F3C-A75D-08D3E6BC652C}.Release|Any CPU.ActiveCfg = Release|Any CPU
		{4CFB2431-E50C-4F3C-A75D-08D3E6BC652C}.Release|Any CPU.Build.0 = Release|Any CPU
		{F728BD58-4336-4CB1-8729-AE9C390DF459}.Debug|Any CPU.ActiveCfg = Debug|Any CPU
		{F728BD58-4336-4CB1-8729-AE9C390DF459}.Debug|Any CPU.Build.0 = Debug|Any CPU
		{F728BD58-4336-4CB1-8729-AE9C390DF459}.Release|Any CPU.ActiveCfg = Release|Any CPU
		{F728BD58-4336-4CB1-8729-AE9C390DF459}.Release|Any CPU.Build.0 = Release|Any CPU
		{9AB1F2B4-60C8-4EFC-B24B-25A86E12B16E}.Debug|Any CPU.ActiveCfg = Debug|Any CPU
		{9AB1F2B4-60C8-4EFC-B24B-25A86E12B16E}.Debug|Any CPU.Build.0 = Debug|Any CPU
		{9AB1F2B4-60C8-4EFC-B24B-25A86E12B16E}.Release|Any CPU.ActiveCfg = Release|Any CPU
		{9AB1F2B4-60C8-4EFC-B24B-25A86E12B16E}.Release|Any CPU.Build.0 = Release|Any CPU
		{2578E977-32B8-417C-A098-C1831AAF9529}.Debug|Any CPU.ActiveCfg = Debug|Any CPU
		{2578E977-32B8-417C-A098-C1831AAF9529}.Debug|Any CPU.Build.0 = Debug|Any CPU
		{2578E977-32B8-417C-A098-C1831AAF9529}.Release|Any CPU.ActiveCfg = Release|Any CPU
		{2578E977-32B8-417C-A098-C1831AAF9529}.Release|Any CPU.Build.0 = Release|Any CPU
		{2CD0EBF0-733F-456D-9076-5BAE52C39815}.Debug|Any CPU.ActiveCfg = Debug|Any CPU
		{2CD0EBF0-733F-456D-9076-5BAE52C39815}.Debug|Any CPU.Build.0 = Debug|Any CPU
		{2CD0EBF0-733F-456D-9076-5BAE52C39815}.Release|Any CPU.ActiveCfg = Release|Any CPU
		{2CD0EBF0-733F-456D-9076-5BAE52C39815}.Release|Any CPU.Build.0 = Release|Any CPU
		{FEDD669F-AB27-4353-BA02-64CE1D59FB9A}.Debug|Any CPU.ActiveCfg = Debug|Any CPU
		{FEDD669F-AB27-4353-BA02-64CE1D59FB9A}.Debug|Any CPU.Build.0 = Debug|Any CPU
		{FEDD669F-AB27-4353-BA02-64CE1D59FB9A}.Release|Any CPU.ActiveCfg = Release|Any CPU
		{FEDD669F-AB27-4353-BA02-64CE1D59FB9A}.Release|Any CPU.Build.0 = Release|Any CPU
		{62E925E6-963D-4D7F-955A-BB99AE546636}.Debug|Any CPU.ActiveCfg = Debug|Any CPU
		{62E925E6-963D-4D7F-955A-BB99AE546636}.Debug|Any CPU.Build.0 = Debug|Any CPU
		{62E925E6-963D-4D7F-955A-BB99AE546636}.Release|Any CPU.ActiveCfg = Release|Any CPU
		{62E925E6-963D-4D7F-955A-BB99AE546636}.Release|Any CPU.Build.0 = Release|Any CPU
		{AE414EF1-2B71-411B-ABDC-B25F2E30FFE7}.Debug|Any CPU.ActiveCfg = Debug|Any CPU
		{AE414EF1-2B71-411B-ABDC-B25F2E30FFE7}.Debug|Any CPU.Build.0 = Debug|Any CPU
		{AE414EF1-2B71-411B-ABDC-B25F2E30FFE7}.Release|Any CPU.ActiveCfg = Release|Any CPU
		{AE414EF1-2B71-411B-ABDC-B25F2E30FFE7}.Release|Any CPU.Build.0 = Release|Any CPU
		{DD11A4C3-6358-45E8-AA67-7AD654334D1E}.Debug|Any CPU.ActiveCfg = Debug|Any CPU
		{DD11A4C3-6358-45E8-AA67-7AD654334D1E}.Debug|Any CPU.Build.0 = Debug|Any CPU
		{DD11A4C3-6358-45E8-AA67-7AD654334D1E}.Release|Any CPU.ActiveCfg = Release|Any CPU
		{DD11A4C3-6358-45E8-AA67-7AD654334D1E}.Release|Any CPU.Build.0 = Release|Any CPU
		{8D10DF7A-68BD-4676-B5F0-8DA59D69356E}.Debug|Any CPU.ActiveCfg = Debug|Any CPU
		{8D10DF7A-68BD-4676-B5F0-8DA59D69356E}.Debug|Any CPU.Build.0 = Debug|Any CPU
		{8D10DF7A-68BD-4676-B5F0-8DA59D69356E}.Release|Any CPU.ActiveCfg = Release|Any CPU
		{8D10DF7A-68BD-4676-B5F0-8DA59D69356E}.Release|Any CPU.Build.0 = Release|Any CPU
		{8BDCDDC0-D54D-4DEC-840A-93A5CF06AC0E}.Debug|Any CPU.ActiveCfg = Debug|Any CPU
		{8BDCDDC0-D54D-4DEC-840A-93A5CF06AC0E}.Debug|Any CPU.Build.0 = Debug|Any CPU
		{8BDCDDC0-D54D-4DEC-840A-93A5CF06AC0E}.Release|Any CPU.ActiveCfg = Release|Any CPU
		{8BDCDDC0-D54D-4DEC-840A-93A5CF06AC0E}.Release|Any CPU.Build.0 = Release|Any CPU
		{E2437EF9-1AFD-4B7A-B227-7766BBAB6BDF}.Debug|Any CPU.ActiveCfg = Debug|Any CPU
		{E2437EF9-1AFD-4B7A-B227-7766BBAB6BDF}.Debug|Any CPU.Build.0 = Debug|Any CPU
		{E2437EF9-1AFD-4B7A-B227-7766BBAB6BDF}.Release|Any CPU.ActiveCfg = Release|Any CPU
		{E2437EF9-1AFD-4B7A-B227-7766BBAB6BDF}.Release|Any CPU.Build.0 = Release|Any CPU
		{DAC33A1A-EDAD-4185-9203-A0797D502FC8}.Debug|Any CPU.ActiveCfg = Debug|Any CPU
		{DAC33A1A-EDAD-4185-9203-A0797D502FC8}.Debug|Any CPU.Build.0 = Debug|Any CPU
		{DAC33A1A-EDAD-4185-9203-A0797D502FC8}.Release|Any CPU.ActiveCfg = Release|Any CPU
		{DAC33A1A-EDAD-4185-9203-A0797D502FC8}.Release|Any CPU.Build.0 = Release|Any CPU
		{D9249F52-A3D8-447E-8BE1-55C82B31EB1F}.Debug|Any CPU.ActiveCfg = Debug|Any CPU
		{D9249F52-A3D8-447E-8BE1-55C82B31EB1F}.Debug|Any CPU.Build.0 = Debug|Any CPU
		{D9249F52-A3D8-447E-8BE1-55C82B31EB1F}.Release|Any CPU.ActiveCfg = Release|Any CPU
		{D9249F52-A3D8-447E-8BE1-55C82B31EB1F}.Release|Any CPU.Build.0 = Release|Any CPU
		{6A0BFD4C-2FE9-47EC-8D22-60B5538D512E}.Debug|Any CPU.ActiveCfg = Debug|Any CPU
		{6A0BFD4C-2FE9-47EC-8D22-60B5538D512E}.Debug|Any CPU.Build.0 = Debug|Any CPU
		{6A0BFD4C-2FE9-47EC-8D22-60B5538D512E}.Release|Any CPU.ActiveCfg = Release|Any CPU
		{6A0BFD4C-2FE9-47EC-8D22-60B5538D512E}.Release|Any CPU.Build.0 = Release|Any CPU
		{C683FF3D-5EFA-4789-95FD-EF133390A72F}.Debug|Any CPU.ActiveCfg = Debug|Any CPU
		{C683FF3D-5EFA-4789-95FD-EF133390A72F}.Debug|Any CPU.Build.0 = Debug|Any CPU
		{C683FF3D-5EFA-4789-95FD-EF133390A72F}.Release|Any CPU.ActiveCfg = Release|Any CPU
		{C683FF3D-5EFA-4789-95FD-EF133390A72F}.Release|Any CPU.Build.0 = Release|Any CPU
		{0A4447FD-C5F6-48F2-9E9D-595859344C61}.Debug|Any CPU.ActiveCfg = Debug|Any CPU
		{0A4447FD-C5F6-48F2-9E9D-595859344C61}.Debug|Any CPU.Build.0 = Debug|Any CPU
		{0A4447FD-C5F6-48F2-9E9D-595859344C61}.Release|Any CPU.ActiveCfg = Release|Any CPU
		{0A4447FD-C5F6-48F2-9E9D-595859344C61}.Release|Any CPU.Build.0 = Release|Any CPU
		{480A2B39-4B90-4413-B44E-9A97F911F9A5}.Debug|Any CPU.ActiveCfg = Debug|Any CPU
		{480A2B39-4B90-4413-B44E-9A97F911F9A5}.Debug|Any CPU.Build.0 = Debug|Any CPU
		{480A2B39-4B90-4413-B44E-9A97F911F9A5}.Release|Any CPU.ActiveCfg = Release|Any CPU
		{480A2B39-4B90-4413-B44E-9A97F911F9A5}.Release|Any CPU.Build.0 = Release|Any CPU
		{CA291EF0-AE5D-42D5-9D1A-8302D66855C9}.Debug|Any CPU.ActiveCfg = Debug|Any CPU
		{CA291EF0-AE5D-42D5-9D1A-8302D66855C9}.Debug|Any CPU.Build.0 = Debug|Any CPU
		{CA291EF0-AE5D-42D5-9D1A-8302D66855C9}.Release|Any CPU.ActiveCfg = Release|Any CPU
		{CA291EF0-AE5D-42D5-9D1A-8302D66855C9}.Release|Any CPU.Build.0 = Release|Any CPU
		{BC017236-5811-4246-B5D9-B0718399FAB2}.Debug|Any CPU.ActiveCfg = Debug|Any CPU
		{BC017236-5811-4246-B5D9-B0718399FAB2}.Debug|Any CPU.Build.0 = Debug|Any CPU
		{BC017236-5811-4246-B5D9-B0718399FAB2}.Release|Any CPU.ActiveCfg = Release|Any CPU
		{BC017236-5811-4246-B5D9-B0718399FAB2}.Release|Any CPU.Build.0 = Release|Any CPU
		{A5F7F5EB-3A6F-4077-9F9B-1D0B6FFC1601}.Debug|Any CPU.ActiveCfg = Debug|Any CPU
		{A5F7F5EB-3A6F-4077-9F9B-1D0B6FFC1601}.Debug|Any CPU.Build.0 = Debug|Any CPU
		{A5F7F5EB-3A6F-4077-9F9B-1D0B6FFC1601}.Release|Any CPU.ActiveCfg = Release|Any CPU
		{A5F7F5EB-3A6F-4077-9F9B-1D0B6FFC1601}.Release|Any CPU.Build.0 = Release|Any CPU
		{6984B395-E31E-445B-A9A0-3D9C5D57D0AD}.Debug|Any CPU.ActiveCfg = Debug|Any CPU
		{6984B395-E31E-445B-A9A0-3D9C5D57D0AD}.Debug|Any CPU.Build.0 = Debug|Any CPU
		{6984B395-E31E-445B-A9A0-3D9C5D57D0AD}.Release|Any CPU.ActiveCfg = Release|Any CPU
		{6984B395-E31E-445B-A9A0-3D9C5D57D0AD}.Release|Any CPU.Build.0 = Release|Any CPU
		{3C25028A-1D44-4022-A4B8-8C4888FCE819}.Debug|Any CPU.ActiveCfg = Debug|Any CPU
		{3C25028A-1D44-4022-A4B8-8C4888FCE819}.Debug|Any CPU.Build.0 = Debug|Any CPU
		{3C25028A-1D44-4022-A4B8-8C4888FCE819}.Release|Any CPU.ActiveCfg = Release|Any CPU
		{3C25028A-1D44-4022-A4B8-8C4888FCE819}.Release|Any CPU.Build.0 = Release|Any CPU
		{0BB88D9C-541A-4B5B-8063-CD8D89F4D989}.Debug|Any CPU.ActiveCfg = Debug|Any CPU
		{0BB88D9C-541A-4B5B-8063-CD8D89F4D989}.Debug|Any CPU.Build.0 = Debug|Any CPU
		{0BB88D9C-541A-4B5B-8063-CD8D89F4D989}.Release|Any CPU.ActiveCfg = Release|Any CPU
		{0BB88D9C-541A-4B5B-8063-CD8D89F4D989}.Release|Any CPU.Build.0 = Release|Any CPU
		{D9306AC2-1FCC-4EB0-9939-82222A645E66}.Debug|Any CPU.ActiveCfg = Debug|Any CPU
		{D9306AC2-1FCC-4EB0-9939-82222A645E66}.Debug|Any CPU.Build.0 = Debug|Any CPU
		{D9306AC2-1FCC-4EB0-9939-82222A645E66}.Release|Any CPU.ActiveCfg = Release|Any CPU
		{D9306AC2-1FCC-4EB0-9939-82222A645E66}.Release|Any CPU.Build.0 = Release|Any CPU
		{3C2FD1A5-7E19-4904-A2E7-A42D12AF75E6}.Debug|Any CPU.ActiveCfg = Debug|Any CPU
		{3C2FD1A5-7E19-4904-A2E7-A42D12AF75E6}.Debug|Any CPU.Build.0 = Debug|Any CPU
		{3C2FD1A5-7E19-4904-A2E7-A42D12AF75E6}.Release|Any CPU.ActiveCfg = Release|Any CPU
		{3C2FD1A5-7E19-4904-A2E7-A42D12AF75E6}.Release|Any CPU.Build.0 = Release|Any CPU
		{243162B2-9002-4436-8366-2EDFFEFB63EA}.Debug|Any CPU.ActiveCfg = Debug|Any CPU
		{243162B2-9002-4436-8366-2EDFFEFB63EA}.Debug|Any CPU.Build.0 = Debug|Any CPU
		{243162B2-9002-4436-8366-2EDFFEFB63EA}.Release|Any CPU.ActiveCfg = Release|Any CPU
		{243162B2-9002-4436-8366-2EDFFEFB63EA}.Release|Any CPU.Build.0 = Release|Any CPU
		{4F891A48-686A-47B6-AA7C-4032B51C6BA5}.Debug|Any CPU.ActiveCfg = Debug|Any CPU
		{4F891A48-686A-47B6-AA7C-4032B51C6BA5}.Debug|Any CPU.Build.0 = Debug|Any CPU
		{4F891A48-686A-47B6-AA7C-4032B51C6BA5}.Release|Any CPU.ActiveCfg = Release|Any CPU
		{4F891A48-686A-47B6-AA7C-4032B51C6BA5}.Release|Any CPU.Build.0 = Release|Any CPU
		{F6705C1F-AFE2-4EAD-AF20-AA7689D7D6F0}.Debug|Any CPU.ActiveCfg = Debug|Any CPU
		{F6705C1F-AFE2-4EAD-AF20-AA7689D7D6F0}.Debug|Any CPU.Build.0 = Debug|Any CPU
		{F6705C1F-AFE2-4EAD-AF20-AA7689D7D6F0}.Release|Any CPU.ActiveCfg = Release|Any CPU
		{F6705C1F-AFE2-4EAD-AF20-AA7689D7D6F0}.Release|Any CPU.Build.0 = Release|Any CPU
		{EB138418-6D19-43E7-9B2D-7A273906B5B5}.Debug|Any CPU.ActiveCfg = Debug|Any CPU
		{EB138418-6D19-43E7-9B2D-7A273906B5B5}.Debug|Any CPU.Build.0 = Debug|Any CPU
		{EB138418-6D19-43E7-9B2D-7A273906B5B5}.Release|Any CPU.ActiveCfg = Release|Any CPU
		{EB138418-6D19-43E7-9B2D-7A273906B5B5}.Release|Any CPU.Build.0 = Release|Any CPU
		{F6E4737C-570D-47FD-BCB5-5B2E322EEAD4}.Debug|Any CPU.ActiveCfg = Debug|Any CPU
		{F6E4737C-570D-47FD-BCB5-5B2E322EEAD4}.Debug|Any CPU.Build.0 = Debug|Any CPU
		{F6E4737C-570D-47FD-BCB5-5B2E322EEAD4}.Release|Any CPU.ActiveCfg = Release|Any CPU
		{F6E4737C-570D-47FD-BCB5-5B2E322EEAD4}.Release|Any CPU.Build.0 = Release|Any CPU
		{0C348498-56E0-4AB6-84E7-F532009E44BE}.Debug|Any CPU.ActiveCfg = Debug|Any CPU
		{0C348498-56E0-4AB6-84E7-F532009E44BE}.Debug|Any CPU.Build.0 = Debug|Any CPU
		{0C348498-56E0-4AB6-84E7-F532009E44BE}.Release|Any CPU.ActiveCfg = Release|Any CPU
		{0C348498-56E0-4AB6-84E7-F532009E44BE}.Release|Any CPU.Build.0 = Release|Any CPU
		{7C4666F5-2B8F-4D54-8397-185FED1B5ECD}.Debug|Any CPU.ActiveCfg = Debug|Any CPU
		{7C4666F5-2B8F-4D54-8397-185FED1B5ECD}.Debug|Any CPU.Build.0 = Debug|Any CPU
		{7C4666F5-2B8F-4D54-8397-185FED1B5ECD}.Release|Any CPU.ActiveCfg = Release|Any CPU
		{7C4666F5-2B8F-4D54-8397-185FED1B5ECD}.Release|Any CPU.Build.0 = Release|Any CPU
		{8FA00BC4-9AAF-44CA-AF52-6FCFFF1B20A6}.Debug|Any CPU.ActiveCfg = Debug|Any CPU
		{8FA00BC4-9AAF-44CA-AF52-6FCFFF1B20A6}.Debug|Any CPU.Build.0 = Debug|Any CPU
		{8FA00BC4-9AAF-44CA-AF52-6FCFFF1B20A6}.Release|Any CPU.ActiveCfg = Release|Any CPU
		{8FA00BC4-9AAF-44CA-AF52-6FCFFF1B20A6}.Release|Any CPU.Build.0 = Release|Any CPU
		{2CB9AE6D-FFA5-463D-B589-13CA83777064}.Debug|Any CPU.ActiveCfg = Debug|Any CPU
		{2CB9AE6D-FFA5-463D-B589-13CA83777064}.Debug|Any CPU.Build.0 = Debug|Any CPU
		{2CB9AE6D-FFA5-463D-B589-13CA83777064}.Release|Any CPU.ActiveCfg = Release|Any CPU
		{2CB9AE6D-FFA5-463D-B589-13CA83777064}.Release|Any CPU.Build.0 = Release|Any CPU
		{81E7D89D-3CFC-41EF-94BB-CBCDC4C6BD54}.Debug|Any CPU.ActiveCfg = Debug|Any CPU
		{81E7D89D-3CFC-41EF-94BB-CBCDC4C6BD54}.Debug|Any CPU.Build.0 = Debug|Any CPU
		{81E7D89D-3CFC-41EF-94BB-CBCDC4C6BD54}.Release|Any CPU.ActiveCfg = Release|Any CPU
		{81E7D89D-3CFC-41EF-94BB-CBCDC4C6BD54}.Release|Any CPU.Build.0 = Release|Any CPU
		{0FDFC618-95E2-4C9E-A0D8-1CDE0B54576E}.Debug|Any CPU.ActiveCfg = Debug|Any CPU
		{0FDFC618-95E2-4C9E-A0D8-1CDE0B54576E}.Debug|Any CPU.Build.0 = Debug|Any CPU
		{0FDFC618-95E2-4C9E-A0D8-1CDE0B54576E}.Release|Any CPU.ActiveCfg = Release|Any CPU
		{0FDFC618-95E2-4C9E-A0D8-1CDE0B54576E}.Release|Any CPU.Build.0 = Release|Any CPU
		{C774E73A-2788-432C-8305-3E7F22F03460}.Debug|Any CPU.ActiveCfg = Debug|Any CPU
		{C774E73A-2788-432C-8305-3E7F22F03460}.Debug|Any CPU.Build.0 = Debug|Any CPU
		{C774E73A-2788-432C-8305-3E7F22F03460}.Release|Any CPU.ActiveCfg = Release|Any CPU
		{C774E73A-2788-432C-8305-3E7F22F03460}.Release|Any CPU.Build.0 = Release|Any CPU
		{DA8856DE-9493-4A16-9002-F465DDCF5297}.Debug|Any CPU.ActiveCfg = Debug|Any CPU
		{DA8856DE-9493-4A16-9002-F465DDCF5297}.Debug|Any CPU.Build.0 = Debug|Any CPU
		{DA8856DE-9493-4A16-9002-F465DDCF5297}.Release|Any CPU.ActiveCfg = Release|Any CPU
		{DA8856DE-9493-4A16-9002-F465DDCF5297}.Release|Any CPU.Build.0 = Release|Any CPU
		{E5A49190-6F7A-4FBC-8FB4-E64D4CF41FD9}.Debug|Any CPU.ActiveCfg = Debug|Any CPU
		{E5A49190-6F7A-4FBC-8FB4-E64D4CF41FD9}.Debug|Any CPU.Build.0 = Debug|Any CPU
		{E5A49190-6F7A-4FBC-8FB4-E64D4CF41FD9}.Release|Any CPU.ActiveCfg = Release|Any CPU
		{E5A49190-6F7A-4FBC-8FB4-E64D4CF41FD9}.Release|Any CPU.Build.0 = Release|Any CPU
		{7A99EDA0-9365-432F-9138-1A85F1760421}.Debug|Any CPU.ActiveCfg = Debug|Any CPU
		{7A99EDA0-9365-432F-9138-1A85F1760421}.Debug|Any CPU.Build.0 = Debug|Any CPU
		{7A99EDA0-9365-432F-9138-1A85F1760421}.Release|Any CPU.ActiveCfg = Release|Any CPU
		{7A99EDA0-9365-432F-9138-1A85F1760421}.Release|Any CPU.Build.0 = Release|Any CPU
	EndGlobalSection
	GlobalSection(SolutionProperties) = preSolution
		HideSolutionNode = FALSE
	EndGlobalSection
	GlobalSection(NestedProjects) = preSolution
		{67399E1E-A39C-45C3-A28F-74ED1C3C03A2} = {1ABFE83D-6AFB-4788-8050-62C27FD9C45C}
		{4C24E5AF-570D-4BF9-A0C1-7BF998112C8F} = {1ABFE83D-6AFB-4788-8050-62C27FD9C45C}
		{E2E7594E-C331-4DD1-B2C5-D6232BE253C9} = {1ABFE83D-6AFB-4788-8050-62C27FD9C45C}
		{84EA62EE-846A-4074-9F87-7DB21C2BE1DB} = {1ABFE83D-6AFB-4788-8050-62C27FD9C45C}
		{07433507-F498-4068-852F-AE99A73E3FEF} = {1ABFE83D-6AFB-4788-8050-62C27FD9C45C}
		{405AA4FF-8E4F-410A-AA8E-5A20C66AE272} = {1ABFE83D-6AFB-4788-8050-62C27FD9C45C}
		{12BDBE02-312B-4A75-9BD8-E955A948FF2D} = {8C9747DC-971B-4D50-A537-BB9874D4B3FA}
		{F14CC5EC-1389-4EE7-A7E0-BF072A7FA328} = {C0E4BC07-C50E-4C57-8CB1-85A0DAB45808}
		{649C8117-9AD7-4B8A-AB8B-C55F035C49D1} = {AD10769E-4E2D-4D6A-A808-AA5A2DFBA797}
		{ACBACFDA-A5C5-402B-8F6A-081AFB7525F8} = {5A13CF36-D2B0-4BFA-B096-36C85434D1D0}
		{2E95F630-11C4-4A27-8CC8-4EC0B854C837} = {246BD033-4CF7-4DFD-802E-4CF6202C1D7F}
		{E4D78736-6A9F-4F15-B315-7D64ABB91BFB} = {42BBD57D-C3BF-4CFE-B1B1-B6F91F9E14BB}
		{800AA5D1-AC24-4ADF-A525-5698700709CC} = {675373E2-FC1B-488C-BC65-6340CDF914F6}
		{4CFB2431-E50C-4F3C-A75D-08D3E6BC652C} = {7605B4F0-DB81-4859-972E-36CF3100908F}
		{F728BD58-4336-4CB1-8729-AE9C390DF459} = {7FF26FB8-DA86-465C-97BC-871D1B698DE2}
		{9AB1F2B4-60C8-4EFC-B24B-25A86E12B16E} = {A9F46739-54E3-46F3-9A9E-ABE0F138E596}
		{2578E977-32B8-417C-A098-C1831AAF9529} = {A9F46739-54E3-46F3-9A9E-ABE0F138E596}
		{2CD0EBF0-733F-456D-9076-5BAE52C39815} = {3D6FA0AE-E567-4D77-B7F7-D4EDD2D20A62}
		{FEDD669F-AB27-4353-BA02-64CE1D59FB9A} = {3D6FA0AE-E567-4D77-B7F7-D4EDD2D20A62}
		{62E925E6-963D-4D7F-955A-BB99AE546636} = {3D6FA0AE-E567-4D77-B7F7-D4EDD2D20A62}
		{AE414EF1-2B71-411B-ABDC-B25F2E30FFE7} = {934273A5-0D8C-4EBA-AFC7-7389D90FE0BE}
		{DD11A4C3-6358-45E8-AA67-7AD654334D1E} = {934273A5-0D8C-4EBA-AFC7-7389D90FE0BE}
		{8D10DF7A-68BD-4676-B5F0-8DA59D69356E} = {B80A447D-E152-4F99-A040-F1D63209460B}
		{8BDCDDC0-D54D-4DEC-840A-93A5CF06AC0E} = {A9F46739-54E3-46F3-9A9E-ABE0F138E596}
		{E2437EF9-1AFD-4B7A-B227-7766BBAB6BDF} = {934273A5-0D8C-4EBA-AFC7-7389D90FE0BE}
		{DAC33A1A-EDAD-4185-9203-A0797D502FC8} = {934273A5-0D8C-4EBA-AFC7-7389D90FE0BE}
		{D9249F52-A3D8-447E-8BE1-55C82B31EB1F} = {86081238-22D4-45C4-A1E5-40A1783B5E48}
		{6A0BFD4C-2FE9-47EC-8D22-60B5538D512E} = {86081238-22D4-45C4-A1E5-40A1783B5E48}
		{C683FF3D-5EFA-4789-95FD-EF133390A72F} = {86081238-22D4-45C4-A1E5-40A1783B5E48}
		{0A4447FD-C5F6-48F2-9E9D-595859344C61} = {86081238-22D4-45C4-A1E5-40A1783B5E48}
		{480A2B39-4B90-4413-B44E-9A97F911F9A5} = {F051ABC9-6C8F-4EC1-AC17-6701F79A1CE2}
		{CA291EF0-AE5D-42D5-9D1A-8302D66855C9} = {F051ABC9-6C8F-4EC1-AC17-6701F79A1CE2}
		{BC017236-5811-4246-B5D9-B0718399FAB2} = {B8C00FD9-958F-49E3-90DB-901510430EF2}
		{A5F7F5EB-3A6F-4077-9F9B-1D0B6FFC1601} = {4E3FCD92-042C-45B9-963F-343B74145202}
		{6984B395-E31E-445B-A9A0-3D9C5D57D0AD} = {4E3FCD92-042C-45B9-963F-343B74145202}
		{3C25028A-1D44-4022-A4B8-8C4888FCE819} = {7AFBBE18-41C8-4A3A-89F0-D112B980C907}
		{0BB88D9C-541A-4B5B-8063-CD8D89F4D989} = {7AFBBE18-41C8-4A3A-89F0-D112B980C907}
		{D9306AC2-1FCC-4EB0-9939-82222A645E66} = {315244A6-2730-4410-82B6-2708A2279A77}
		{3C2FD1A5-7E19-4904-A2E7-A42D12AF75E6} = {315244A6-2730-4410-82B6-2708A2279A77}
		{243162B2-9002-4436-8366-2EDFFEFB63EA} = {1DBC89D9-92D6-48D1-8C3A-F50DB33DAA06}
		{4F891A48-686A-47B6-AA7C-4032B51C6BA5} = {1DBC89D9-92D6-48D1-8C3A-F50DB33DAA06}
		{F6705C1F-AFE2-4EAD-AF20-AA7689D7D6F0} = {893A90FC-A7FC-4AC0-89D4-915E3186073B}
		{EB138418-6D19-43E7-9B2D-7A273906B5B5} = {893A90FC-A7FC-4AC0-89D4-915E3186073B}
		{F6E4737C-570D-47FD-BCB5-5B2E322EEAD4} = {EBC4D0DB-251B-483B-819C-06562290A4A6}
		{0C348498-56E0-4AB6-84E7-F532009E44BE} = {EBC4D0DB-251B-483B-819C-06562290A4A6}
		{7C4666F5-2B8F-4D54-8397-185FED1B5ECD} = {57ECAB5C-5DB7-42E9-B3B8-F8A8B2B7079D}
		{8FA00BC4-9AAF-44CA-AF52-6FCFFF1B20A6} = {57ECAB5C-5DB7-42E9-B3B8-F8A8B2B7079D}
		{2CB9AE6D-FFA5-463D-B589-13CA83777064} = {A606B2AD-B013-42FC-B2CB-1836B30CBC50}
		{81E7D89D-3CFC-41EF-94BB-CBCDC4C6BD54} = {A606B2AD-B013-42FC-B2CB-1836B30CBC50}
		{0FDFC618-95E2-4C9E-A0D8-1CDE0B54576E} = {9C4A26B0-2A77-4C7D-AF17-43F692B87553}
		{C774E73A-2788-432C-8305-3E7F22F03460} = {CB0CEB64-38FC-4268-8C40-8F2B4EEE0921}
		{DA8856DE-9493-4A16-9002-F465DDCF5297} = {273C8532-CF6D-4644-88DD-5AA01FBA587A}
		{E5A49190-6F7A-4FBC-8FB4-E64D4CF41FD9} = {D1DC55BF-B4F7-48EA-817C-0C792583DE58}
		{7A99EDA0-9365-432F-9138-1A85F1760421} = {AB731A4F-B7B4-4091-92E5-2D36229DAA82}
	EndGlobalSection
	GlobalSection(ExtensibilityGlobals) = postSolution
		SolutionGuid = {DA14723C-2951-48F0-ADE3-ADC1B85A65ED}
	EndGlobalSection
EndGlobal
